// !$*UTF8*$!
{
	archiveVersion = 1;
	classes = {
	};
	objectVersion = 50;
	objects = {

/* Begin PBXBuildFile section */
		3E0F77C620FB18660095EA95 /* UI.xcassets in Resources */ = {isa = PBXBuildFile; fileRef = 3E0F77C220FB18660095EA95 /* UI.xcassets */; };
		3E0F77C720FB18660095EA95 /* AppIcon.xcassets in Resources */ = {isa = PBXBuildFile; fileRef = 3E0F77C320FB18660095EA95 /* AppIcon.xcassets */; };
		3E0F77C820FB18660095EA95 /* LaunchScreen.storyboard in Resources */ = {isa = PBXBuildFile; fileRef = 3E0F77C420FB18660095EA95 /* LaunchScreen.storyboard */; };
		3E0F77CD20FB22540095EA95 /* AppDelegate.swift in Sources */ = {isa = PBXBuildFile; fileRef = 3E0F77CC20FB22540095EA95 /* AppDelegate.swift */; };
		3E0F77D120FB28930095EA95 /* AppRoutes.swift in Sources */ = {isa = PBXBuildFile; fileRef = 3E0F77D020FB28930095EA95 /* AppRoutes.swift */; };
		3E0F77D320FB28EB0095EA95 /* Facade.swift in Sources */ = {isa = PBXBuildFile; fileRef = 3E0F77D220FB28EB0095EA95 /* Facade.swift */; };
		3E0F77D520FC95570095EA95 /* AppTypeAlias.swift in Sources */ = {isa = PBXBuildFile; fileRef = 3E0F77D420FC95570095EA95 /* AppTypeAlias.swift */; };
		3E0F77D720FC95680095EA95 /* Facade+TypeAlias.swift in Sources */ = {isa = PBXBuildFile; fileRef = 3E0F77D620FC95680095EA95 /* Facade+TypeAlias.swift */; };
		3E0F77F620FDF2F00095EA95 /* AppConfig.swift in Sources */ = {isa = PBXBuildFile; fileRef = 3E0F77F520FDF2F00095EA95 /* AppConfig.swift */; };
		3E0F77F920FECB910095EA95 /* SingletonProtoc.swift in Sources */ = {isa = PBXBuildFile; fileRef = 3E0F77F820FECB910095EA95 /* SingletonProtoc.swift */; };
		3E0F77FB20FECDC60095EA95 /* Facade+Singleton.swift in Sources */ = {isa = PBXBuildFile; fileRef = 3E0F77FA20FECDC60095EA95 /* Facade+Singleton.swift */; };
		3E0F77FF20FEEC280095EA95 /* R.generated.swift in Sources */ = {isa = PBXBuildFile; fileRef = 3E0F77FE20FEEC270095EA95 /* R.generated.swift */; };
		3E2112DF210EC140006355AF /* VCAlias.swift in Sources */ = {isa = PBXBuildFile; fileRef = 3E2112DE210EC140006355AF /* VCAlias.swift */; };
		3E21FC9E2100922100DEA67A /* Env.swift in Sources */ = {isa = PBXBuildFile; fileRef = 3E21FC9D2100922100DEA67A /* Env.swift */; };
		3E21FCA42100990B00DEA67A /* Env.generated.swift in Sources */ = {isa = PBXBuildFile; fileRef = 3E21FCA02100979300DEA67A /* Env.generated.swift */; };
		3E5B8529210572FD00C3BB53 /* MagicOperators.swift in Sources */ = {isa = PBXBuildFile; fileRef = 3E5B8528210572FD00C3BB53 /* MagicOperators.swift */; };
		3EA1E195210346FB009B163A /* LoginViewController.swift in Sources */ = {isa = PBXBuildFile; fileRef = 3EA1E194210346FB009B163A /* LoginViewController.swift */; };
		3EA1E19F21034835009B163A /* UserApi.swift in Sources */ = {isa = PBXBuildFile; fileRef = 3EA1E19921034835009B163A /* UserApi.swift */; };
		3EA1E1A021034835009B163A /* FileWebService.swift in Sources */ = {isa = PBXBuildFile; fileRef = 3EA1E19A21034835009B163A /* FileWebService.swift */; };
		3EA1E1A221034835009B163A /* NetConfig.swift in Sources */ = {isa = PBXBuildFile; fileRef = 3EA1E19C21034835009B163A /* NetConfig.swift */; };
		3EA1E1A421034835009B163A /* APIProviderManager.swift in Sources */ = {isa = PBXBuildFile; fileRef = 3EA1E19E21034835009B163A /* APIProviderManager.swift */; };
		3EA1E1A7210348E4009B163A /* Dictionary+Ex+Net.swift in Sources */ = {isa = PBXBuildFile; fileRef = 3EA1E1A6210348E4009B163A /* Dictionary+Ex+Net.swift */; };
		3EA1E1A9210348F1009B163A /* String+Ex+Net.swift in Sources */ = {isa = PBXBuildFile; fileRef = 3EA1E1A8210348F1009B163A /* String+Ex+Net.swift */; };
		3EA1E1AE2103574F009B163A /* RegisterViewController.swift in Sources */ = {isa = PBXBuildFile; fileRef = 3EA1E1AD2103574F009B163A /* RegisterViewController.swift */; };
		3EA1E1B021035804009B163A /* RefindPasswordViewController.swift in Sources */ = {isa = PBXBuildFile; fileRef = 3EA1E1AF21035804009B163A /* RefindPasswordViewController.swift */; };
		CCC5360650B06997E2133480 /* Pods_App.framework in Frameworks */ = {isa = PBXBuildFile; fileRef = A0630760FB43F2C20B02F180 /* Pods_App.framework */; };
/* End PBXBuildFile section */

/* Begin PBXFileReference section */
		3E0F77B920FB17B10095EA95 /* Info.plist */ = {isa = PBXFileReference; fileEncoding = 4; lastKnownFileType = text.plist.xml; path = Info.plist; sourceTree = "<group>"; };
		3E0F77C220FB18660095EA95 /* UI.xcassets */ = {isa = PBXFileReference; lastKnownFileType = folder.assetcatalog; path = UI.xcassets; sourceTree = "<group>"; };
		3E0F77C320FB18660095EA95 /* AppIcon.xcassets */ = {isa = PBXFileReference; lastKnownFileType = folder.assetcatalog; path = AppIcon.xcassets; sourceTree = "<group>"; };
		3E0F77C520FB18660095EA95 /* Base */ = {isa = PBXFileReference; lastKnownFileType = file.storyboard; name = Base; path = Base.lproj/LaunchScreen.storyboard; sourceTree = "<group>"; };
		3E0F77CC20FB22540095EA95 /* AppDelegate.swift */ = {isa = PBXFileReference; fileEncoding = 4; lastKnownFileType = sourcecode.swift; path = AppDelegate.swift; sourceTree = "<group>"; };
		3E0F77D020FB28930095EA95 /* AppRoutes.swift */ = {isa = PBXFileReference; fileEncoding = 4; lastKnownFileType = sourcecode.swift; path = AppRoutes.swift; sourceTree = "<group>"; };
		3E0F77D220FB28EB0095EA95 /* Facade.swift */ = {isa = PBXFileReference; lastKnownFileType = sourcecode.swift; path = Facade.swift; sourceTree = "<group>"; };
		3E0F77D420FC95570095EA95 /* AppTypeAlias.swift */ = {isa = PBXFileReference; lastKnownFileType = sourcecode.swift; path = AppTypeAlias.swift; sourceTree = "<group>"; };
		3E0F77D620FC95680095EA95 /* Facade+TypeAlias.swift */ = {isa = PBXFileReference; lastKnownFileType = sourcecode.swift; path = "Facade+TypeAlias.swift"; sourceTree = "<group>"; };
		3E0F77F520FDF2F00095EA95 /* AppConfig.swift */ = {isa = PBXFileReference; lastKnownFileType = sourcecode.swift; path = AppConfig.swift; sourceTree = "<group>"; };
		3E0F77F820FECB910095EA95 /* SingletonProtoc.swift */ = {isa = PBXFileReference; lastKnownFileType = sourcecode.swift; path = SingletonProtoc.swift; sourceTree = "<group>"; };
		3E0F77FA20FECDC60095EA95 /* Facade+Singleton.swift */ = {isa = PBXFileReference; lastKnownFileType = sourcecode.swift; path = "Facade+Singleton.swift"; sourceTree = "<group>"; };
		3E0F77FE20FEEC270095EA95 /* R.generated.swift */ = {isa = PBXFileReference; fileEncoding = 4; lastKnownFileType = sourcecode.swift; path = R.generated.swift; sourceTree = SOURCE_ROOT; };
		3E11959220F9D3AF003F134D /* App.app */ = {isa = PBXFileReference; explicitFileType = wrapper.application; includeInIndex = 0; path = App.app; sourceTree = BUILT_PRODUCTS_DIR; };
		3E2112DE210EC140006355AF /* VCAlias.swift */ = {isa = PBXFileReference; lastKnownFileType = sourcecode.swift; path = VCAlias.swift; sourceTree = "<group>"; };
		3E21FC9B2100919F00DEA67A /* Debug.ini */ = {isa = PBXFileReference; explicitFileType = text.script.ruby; path = Debug.ini; sourceTree = "<group>"; };
		3E21FC9C2100919F00DEA67A /* Release.ini */ = {isa = PBXFileReference; explicitFileType = text.script.ruby; path = Release.ini; sourceTree = "<group>"; };
		3E21FC9D2100922100DEA67A /* Env.swift */ = {isa = PBXFileReference; fileEncoding = 4; lastKnownFileType = sourcecode.swift; path = Env.swift; sourceTree = "<group>"; };
		3E21FC9F2100968B00DEA67A /* LauchMode.ini */ = {isa = PBXFileReference; explicitFileType = text.script.ruby; path = LauchMode.ini; sourceTree = "<group>"; };
		3E21FCA02100979300DEA67A /* Env.generated.swift */ = {isa = PBXFileReference; lastKnownFileType = sourcecode.swift; path = Env.generated.swift; sourceTree = "<group>"; };
		3E5B8528210572FD00C3BB53 /* MagicOperators.swift */ = {isa = PBXFileReference; lastKnownFileType = sourcecode.swift; path = MagicOperators.swift; sourceTree = "<group>"; };
		3EA1E194210346FB009B163A /* LoginViewController.swift */ = {isa = PBXFileReference; lastKnownFileType = sourcecode.swift; path = LoginViewController.swift; sourceTree = "<group>"; };
		3EA1E19921034835009B163A /* UserApi.swift */ = {isa = PBXFileReference; fileEncoding = 4; lastKnownFileType = sourcecode.swift; path = UserApi.swift; sourceTree = "<group>"; };
		3EA1E19A21034835009B163A /* FileWebService.swift */ = {isa = PBXFileReference; fileEncoding = 4; lastKnownFileType = sourcecode.swift; path = FileWebService.swift; sourceTree = "<group>"; };
		3EA1E19C21034835009B163A /* NetConfig.swift */ = {isa = PBXFileReference; fileEncoding = 4; lastKnownFileType = sourcecode.swift; path = NetConfig.swift; sourceTree = "<group>"; };
		3EA1E19E21034835009B163A /* APIProviderManager.swift */ = {isa = PBXFileReference; fileEncoding = 4; lastKnownFileType = sourcecode.swift; path = APIProviderManager.swift; sourceTree = "<group>"; };
		3EA1E1A6210348E4009B163A /* Dictionary+Ex+Net.swift */ = {isa = PBXFileReference; lastKnownFileType = sourcecode.swift; path = "Dictionary+Ex+Net.swift"; sourceTree = "<group>"; };
		3EA1E1A8210348F1009B163A /* String+Ex+Net.swift */ = {isa = PBXFileReference; lastKnownFileType = sourcecode.swift; path = "String+Ex+Net.swift"; sourceTree = "<group>"; };
		3EA1E1AD2103574F009B163A /* RegisterViewController.swift */ = {isa = PBXFileReference; lastKnownFileType = sourcecode.swift; path = RegisterViewController.swift; sourceTree = "<group>"; };
		3EA1E1AF21035804009B163A /* RefindPasswordViewController.swift */ = {isa = PBXFileReference; lastKnownFileType = sourcecode.swift; path = RefindPasswordViewController.swift; sourceTree = "<group>"; };
		A0630760FB43F2C20B02F180 /* Pods_App.framework */ = {isa = PBXFileReference; explicitFileType = wrapper.framework; includeInIndex = 0; path = Pods_App.framework; sourceTree = BUILT_PRODUCTS_DIR; };
		C7332C10D11170FA0700B508 /* Pods-App.debug.xcconfig */ = {isa = PBXFileReference; includeInIndex = 1; lastKnownFileType = text.xcconfig; name = "Pods-App.debug.xcconfig"; path = "Pods/Target Support Files/Pods-App/Pods-App.debug.xcconfig"; sourceTree = "<group>"; };
		CE03AAF43DDD90341068D748 /* Pods-App.release.xcconfig */ = {isa = PBXFileReference; includeInIndex = 1; lastKnownFileType = text.xcconfig; name = "Pods-App.release.xcconfig"; path = "Pods/Target Support Files/Pods-App/Pods-App.release.xcconfig"; sourceTree = "<group>"; };
/* End PBXFileReference section */

/* Begin PBXFrameworksBuildPhase section */
		3E11958F20F9D3AF003F134D /* Frameworks */ = {
			isa = PBXFrameworksBuildPhase;
			buildActionMask = 2147483647;
			files = (
				CCC5360650B06997E2133480 /* Pods_App.framework in Frameworks */,
			);
			runOnlyForDeploymentPostprocessing = 0;
		};
/* End PBXFrameworksBuildPhase section */

/* Begin PBXGroup section */
		168730FF4885D8E3B3167D02 /* Pods */ = {
			isa = PBXGroup;
			children = (
				C7332C10D11170FA0700B508 /* Pods-App.debug.xcconfig */,
				CE03AAF43DDD90341068D748 /* Pods-App.release.xcconfig */,
			);
			name = Pods;
			sourceTree = "<group>";
		};
		3E0F77B520FB173D0095EA95 /* Config */ = {
			isa = PBXGroup;
			children = (
				3E0F77F520FDF2F00095EA95 /* AppConfig.swift */,
				3EA1E19C21034835009B163A /* NetConfig.swift */,
			);
			path = Config;
			sourceTree = "<group>";
		};
		3E0F77B620FB173D0095EA95 /* Module */ = {
			isa = PBXGroup;
			children = (
				3E5BBDFE2105D19600972769 /* Main */,
				3EA1E1932103468A009B163A /* Auth */,
			);
			path = Module;
			sourceTree = "<group>";
		};
		3E0F77B820FB17B10095EA95 /* App */ = {
			isa = PBXGroup;
			children = (
				3E0F77D420FC95570095EA95 /* AppTypeAlias.swift */,
				3E2112DE210EC140006355AF /* VCAlias.swift */,
				3E0F77CB20FB1B040095EA95 /* Router */,
				3EA1E19621034736009B163A /* Net */,
				3EA1E1AC210355A4009B163A /* Manager */,
				3E0F77B620FB173D0095EA95 /* Module */,
			);
			path = App;
			sourceTree = "<group>";
		};
		3E0F77C120FB18660095EA95 /* Resources */ = {
			isa = PBXGroup;
			children = (
				3E0F77FE20FEEC270095EA95 /* R.generated.swift */,
				3E0F77C220FB18660095EA95 /* UI.xcassets */,
			);
			path = Resources;
			sourceTree = "<group>";
		};
		3E0F77C920FB1A820095EA95 /* Database */ = {
			isa = PBXGroup;
			children = (
			);
			path = Database;
			sourceTree = "<group>";
		};
		3E0F77CA20FB1AAD0095EA95 /* Env */ = {
			isa = PBXGroup;
			children = (
				3E21FC9F2100968B00DEA67A /* LauchMode.ini */,
				3E21FC9B2100919F00DEA67A /* Debug.ini */,
				3E21FC9C2100919F00DEA67A /* Release.ini */,
				3E21FC9D2100922100DEA67A /* Env.swift */,
				3E21FCA02100979300DEA67A /* Env.generated.swift */,
			);
			path = Env;
			sourceTree = "<group>";
		};
		3E0F77CB20FB1B040095EA95 /* Router */ = {
			isa = PBXGroup;
			children = (
				3E0F77D020FB28930095EA95 /* AppRoutes.swift */,
				3E0F77CC20FB22540095EA95 /* AppDelegate.swift */,
				3E0F77C420FB18660095EA95 /* LaunchScreen.storyboard */,
				3E0F77B920FB17B10095EA95 /* Info.plist */,
				3E0F77C320FB18660095EA95 /* AppIcon.xcassets */,
			);
			path = Router;
			sourceTree = "<group>";
		};
		3E0F77CE20FB22C40095EA95 /* AppFramework */ = {
			isa = PBXGroup;
			children = (
				3E0F77D220FB28EB0095EA95 /* Facade.swift */,
				3E0F77D620FC95680095EA95 /* Facade+TypeAlias.swift */,
				3E5B8527210572BD00C3BB53 /* MagicOperators */,
				3EA1E1A5210348D1009B163A /* Ex */,
				3EA1E19721034771009B163A /* BaseClass */,
				3E0F77F720FECB6D0095EA95 /* Facade+Singleton */,
				3EEABB4A2140DA6B0092FD5B /* Facade+Cache */,
				3E0F77D820FC98CA0095EA95 /* FacadeProtocol */,
			);
			path = AppFramework;
			sourceTree = "<group>";
		};
		3E0F77D820FC98CA0095EA95 /* FacadeProtocol */ = {
			isa = PBXGroup;
			children = (
			);
			path = FacadeProtocol;
			sourceTree = "<group>";
		};
		3E0F77F720FECB6D0095EA95 /* Facade+Singleton */ = {
			isa = PBXGroup;
			children = (
				3E0F77FA20FECDC60095EA95 /* Facade+Singleton.swift */,
				3E0F77F820FECB910095EA95 /* SingletonProtoc.swift */,
			);
			path = "Facade+Singleton";
			sourceTree = "<group>";
		};
		3E11958920F9D3AF003F134D = {
			isa = PBXGroup;
			children = (
				3E11959420F9D3AF003F134D /* App */,
				3E11959320F9D3AF003F134D /* Products */,
				168730FF4885D8E3B3167D02 /* Pods */,
				EB14EF635B4CF89198151052 /* Frameworks */,
			);
			sourceTree = "<group>";
		};
		3E11959320F9D3AF003F134D /* Products */ = {
			isa = PBXGroup;
			children = (
				3E11959220F9D3AF003F134D /* App.app */,
			);
			name = Products;
			sourceTree = "<group>";
		};
		3E11959420F9D3AF003F134D /* App */ = {
			isa = PBXGroup;
			children = (
				3E0F77CA20FB1AAD0095EA95 /* Env */,
				3E0F77B520FB173D0095EA95 /* Config */,
				3E0F77C920FB1A820095EA95 /* Database */,
				3E0F77C120FB18660095EA95 /* Resources */,
				3E0F77B820FB17B10095EA95 /* App */,
				3E0F77CE20FB22C40095EA95 /* AppFramework */,
			);
			path = App;
			sourceTree = "<group>";
		};
		3E5B8527210572BD00C3BB53 /* MagicOperators */ = {
			isa = PBXGroup;
			children = (
				3E5B8528210572FD00C3BB53 /* MagicOperators.swift */,
			);
			path = MagicOperators;
			sourceTree = "<group>";
		};
		3E5BBDFE2105D19600972769 /* Main */ = {
			isa = PBXGroup;
			children = (
			);
			path = Main;
			sourceTree = "<group>";
		};
		3EA1E1932103468A009B163A /* Auth */ = {
			isa = PBXGroup;
			children = (
				3EA1E194210346FB009B163A /* LoginViewController.swift */,
				3EA1E1AD2103574F009B163A /* RegisterViewController.swift */,
				3EA1E1AF21035804009B163A /* RefindPasswordViewController.swift */,
			);
			path = Auth;
			sourceTree = "<group>";
		};
		3EA1E19621034736009B163A /* Net */ = {
			isa = PBXGroup;
			children = (
				3EA1E19E21034835009B163A /* APIProviderManager.swift */,
				3EA1E19821034835009B163A /* Api */,
			);
			path = Net;
			sourceTree = "<group>";
		};
		3EA1E19721034771009B163A /* BaseClass */ = {
			isa = PBXGroup;
			children = (
			);
			path = BaseClass;
			sourceTree = "<group>";
		};
		3EA1E19821034835009B163A /* Api */ = {
			isa = PBXGroup;
			children = (
				3EA1E19921034835009B163A /* UserApi.swift */,
				3EA1E19A21034835009B163A /* FileWebService.swift */,
			);
			path = Api;
			sourceTree = "<group>";
		};
		3EA1E1A5210348D1009B163A /* Ex */ = {
			isa = PBXGroup;
			children = (
				3EA1E1A6210348E4009B163A /* Dictionary+Ex+Net.swift */,
				3EA1E1A8210348F1009B163A /* String+Ex+Net.swift */,
			);
			path = Ex;
			sourceTree = "<group>";
		};
		3EA1E1AC210355A4009B163A /* Manager */ = {
			isa = PBXGroup;
			children = (
			);
			path = Manager;
			sourceTree = "<group>";
		};
		3EEABB4A2140DA6B0092FD5B /* Facade+Cache */ = {
			isa = PBXGroup;
			children = (
			);
			path = "Facade+Cache";
			sourceTree = "<group>";
		};
		EB14EF635B4CF89198151052 /* Frameworks */ = {
			isa = PBXGroup;
			children = (
				A0630760FB43F2C20B02F180 /* Pods_App.framework */,
			);
			name = Frameworks;
			sourceTree = "<group>";
		};
/* End PBXGroup section */

/* Begin PBXNativeTarget section */
		3E11959120F9D3AF003F134D /* App */ = {
			isa = PBXNativeTarget;
			buildConfigurationList = 3E1195A420F9D3B1003F134D /* Build configuration list for PBXNativeTarget "App" */;
			buildPhases = (
				7E56A9F58D669BFE84113C4F /* [CP] Check Pods Manifest.lock */,
				3E21FC9A2100897B00DEA67A /* Run Script - create env  */,
				3E0F77FD20FEE9820095EA95 /* ShellScript */,
				3E11958E20F9D3AF003F134D /* Sources */,
				3E11958F20F9D3AF003F134D /* Frameworks */,
				3E11959020F9D3AF003F134D /* Resources */,
				5DF0C6D794D64580C6D2994B /* [CP] Embed Pods Frameworks */,
			);
			buildRules = (
			);
			dependencies = (
			);
			name = App;
			productName = App;
			productReference = 3E11959220F9D3AF003F134D /* App.app */;
			productType = "com.apple.product-type.application";
		};
/* End PBXNativeTarget section */

/* Begin PBXProject section */
		3E11958A20F9D3AF003F134D /* Project object */ = {
			isa = PBXProject;
			attributes = {
				LastSwiftUpdateCheck = 0940;
				LastUpgradeCheck = 0940;
				ORGANIZATIONNAME = LXF;
				TargetAttributes = {
					3E11959120F9D3AF003F134D = {
						CreatedOnToolsVersion = 9.4.1;
						LastSwiftMigration = 0940;
					};
				};
			};
			buildConfigurationList = 3E11958D20F9D3AF003F134D /* Build configuration list for PBXProject "App" */;
			compatibilityVersion = "Xcode 9.3";
			developmentRegion = en;
			hasScannedForEncodings = 0;
			knownRegions = (
				en,
				Base,
			);
			mainGroup = 3E11958920F9D3AF003F134D;
			productRefGroup = 3E11959320F9D3AF003F134D /* Products */;
			projectDirPath = "";
			projectRoot = "";
			targets = (
				3E11959120F9D3AF003F134D /* App */,
			);
		};
/* End PBXProject section */

/* Begin PBXResourcesBuildPhase section */
		3E11959020F9D3AF003F134D /* Resources */ = {
			isa = PBXResourcesBuildPhase;
			buildActionMask = 2147483647;
			files = (
				3E0F77C820FB18660095EA95 /* LaunchScreen.storyboard in Resources */,
				3E0F77C720FB18660095EA95 /* AppIcon.xcassets in Resources */,
				3E0F77C620FB18660095EA95 /* UI.xcassets in Resources */,
			);
			runOnlyForDeploymentPostprocessing = 0;
		};
/* End PBXResourcesBuildPhase section */

/* Begin PBXShellScriptBuildPhase section */
		3E0F77FD20FEE9820095EA95 /* ShellScript */ = {
			isa = PBXShellScriptBuildPhase;
			buildActionMask = 2147483647;
			files = (
			);
			inputPaths = (
			);
			outputPaths = (
			);
			runOnlyForDeploymentPostprocessing = 0;
			shellPath = /bin/sh;
			shellScript = "\"$PODS_ROOT/R.swift/rswift\" generate \"$SRCROOT\"";
		};
		3E21FC9A2100897B00DEA67A /* Run Script - create env  */ = {
			isa = PBXShellScriptBuildPhase;
			buildActionMask = 2147483647;
			files = (
			);
			inputPaths = (
			);
			name = "Run Script - create env ";
			outputPaths = (
			);
			runOnlyForDeploymentPostprocessing = 0;
			shellPath = /bin/sh;
			shellScript = "\"$SRCROOT/../pilot\" make:env\n#~/Library/Developer/Xcode/DerivedData/PilotCLI-dwkqqskhbplwxqetzbzdmpphhilb/Build/Products/Debug/PilotCLI make:env\n";
		};
		5DF0C6D794D64580C6D2994B /* [CP] Embed Pods Frameworks */ = {
			isa = PBXShellScriptBuildPhase;
			buildActionMask = 2147483647;
			files = (
			);
			inputPaths = (
				"${SRCROOT}/Pods/Target Support Files/Pods-App/Pods-App-frameworks.sh",
				"${BUILT_PRODUCTS_DIR}/Alamofire/Alamofire.framework",
				"${BUILT_PRODUCTS_DIR}/AsyncSwift/Async.framework",
				"${BUILT_PRODUCTS_DIR}/CryptoSwift/CryptoSwift.framework",
				"${BUILT_PRODUCTS_DIR}/Device/Device.framework",
				"${BUILT_PRODUCTS_DIR}/EmptyDataSet-Swift/EmptyDataSet_Swift.framework",
				"${BUILT_PRODUCTS_DIR}/Eureka/Eureka.framework",
				"${BUILT_PRODUCTS_DIR}/FastComponent/FastComponent.framework",
				"${BUILT_PRODUCTS_DIR}/GRDB.swift/GRDB.framework",
				"${BUILT_PRODUCTS_DIR}/HandyJSON/HandyJSON.framework",
				"${BUILT_PRODUCTS_DIR}/Kingfisher/Kingfisher.framework",
				"${BUILT_PRODUCTS_DIR}/Localize-Swift/Localize_Swift.framework",
				"${BUILT_PRODUCTS_DIR}/MBProgressHUD/MBProgressHUD.framework",
				"${BUILT_PRODUCTS_DIR}/MJRefresh/MJRefresh.framework",
				"${BUILT_PRODUCTS_DIR}/Moya/Moya.framework",
				"${BUILT_PRODUCTS_DIR}/PageMenu/PageMenu.framework",
				"${BUILT_PRODUCTS_DIR}/R.swift.Library/Rswift.framework",
				"${BUILT_PRODUCTS_DIR}/Result/Result.framework",
				"${BUILT_PRODUCTS_DIR}/RxCocoa/RxCocoa.framework",
				"${BUILT_PRODUCTS_DIR}/RxSwift/RxSwift.framework",
				"${BUILT_PRODUCTS_DIR}/SVProgressHUD/SVProgressHUD.framework",
				"${BUILT_PRODUCTS_DIR}/SnapKit/SnapKit.framework",
				"${BUILT_PRODUCTS_DIR}/Spring/Spring.framework",
				"${BUILT_PRODUCTS_DIR}/SwiftDate/SwiftDate.framework",
				"${BUILT_PRODUCTS_DIR}/SwiftyJSON/SwiftyJSON.framework",
				"${BUILT_PRODUCTS_DIR}/SwiftyUserDefaults/SwiftyUserDefaults.framework",
				"${BUILT_PRODUCTS_DIR}/Then/Then.framework",
				"${BUILT_PRODUCTS_DIR}/XXAutoLayout/XXAutoLayout.framework",
			);
			name = "[CP] Embed Pods Frameworks";
			outputPaths = (
				"${TARGET_BUILD_DIR}/${FRAMEWORKS_FOLDER_PATH}/Alamofire.framework",
				"${TARGET_BUILD_DIR}/${FRAMEWORKS_FOLDER_PATH}/Async.framework",
				"${TARGET_BUILD_DIR}/${FRAMEWORKS_FOLDER_PATH}/CryptoSwift.framework",
				"${TARGET_BUILD_DIR}/${FRAMEWORKS_FOLDER_PATH}/Device.framework",
				"${TARGET_BUILD_DIR}/${FRAMEWORKS_FOLDER_PATH}/EmptyDataSet_Swift.framework",
				"${TARGET_BUILD_DIR}/${FRAMEWORKS_FOLDER_PATH}/Eureka.framework",
				"${TARGET_BUILD_DIR}/${FRAMEWORKS_FOLDER_PATH}/FastComponent.framework",
				"${TARGET_BUILD_DIR}/${FRAMEWORKS_FOLDER_PATH}/GRDB.framework",
				"${TARGET_BUILD_DIR}/${FRAMEWORKS_FOLDER_PATH}/HandyJSON.framework",
				"${TARGET_BUILD_DIR}/${FRAMEWORKS_FOLDER_PATH}/Kingfisher.framework",
				"${TARGET_BUILD_DIR}/${FRAMEWORKS_FOLDER_PATH}/Localize_Swift.framework",
				"${TARGET_BUILD_DIR}/${FRAMEWORKS_FOLDER_PATH}/MBProgressHUD.framework",
				"${TARGET_BUILD_DIR}/${FRAMEWORKS_FOLDER_PATH}/MJRefresh.framework",
				"${TARGET_BUILD_DIR}/${FRAMEWORKS_FOLDER_PATH}/Moya.framework",
				"${TARGET_BUILD_DIR}/${FRAMEWORKS_FOLDER_PATH}/PageMenu.framework",
				"${TARGET_BUILD_DIR}/${FRAMEWORKS_FOLDER_PATH}/Rswift.framework",
				"${TARGET_BUILD_DIR}/${FRAMEWORKS_FOLDER_PATH}/Result.framework",
				"${TARGET_BUILD_DIR}/${FRAMEWORKS_FOLDER_PATH}/RxCocoa.framework",
				"${TARGET_BUILD_DIR}/${FRAMEWORKS_FOLDER_PATH}/RxSwift.framework",
				"${TARGET_BUILD_DIR}/${FRAMEWORKS_FOLDER_PATH}/SVProgressHUD.framework",
				"${TARGET_BUILD_DIR}/${FRAMEWORKS_FOLDER_PATH}/SnapKit.framework",
				"${TARGET_BUILD_DIR}/${FRAMEWORKS_FOLDER_PATH}/Spring.framework",
				"${TARGET_BUILD_DIR}/${FRAMEWORKS_FOLDER_PATH}/SwiftDate.framework",
				"${TARGET_BUILD_DIR}/${FRAMEWORKS_FOLDER_PATH}/SwiftyJSON.framework",
				"${TARGET_BUILD_DIR}/${FRAMEWORKS_FOLDER_PATH}/SwiftyUserDefaults.framework",
				"${TARGET_BUILD_DIR}/${FRAMEWORKS_FOLDER_PATH}/Then.framework",
				"${TARGET_BUILD_DIR}/${FRAMEWORKS_FOLDER_PATH}/XXAutoLayout.framework",
			);
			runOnlyForDeploymentPostprocessing = 0;
			shellPath = /bin/sh;
			shellScript = "\"${SRCROOT}/Pods/Target Support Files/Pods-App/Pods-App-frameworks.sh\"\n";
			showEnvVarsInLog = 0;
		};
		7E56A9F58D669BFE84113C4F /* [CP] Check Pods Manifest.lock */ = {
			isa = PBXShellScriptBuildPhase;
			buildActionMask = 2147483647;
			files = (
			);
			inputPaths = (
				"${PODS_PODFILE_DIR_PATH}/Podfile.lock",
				"${PODS_ROOT}/Manifest.lock",
			);
			name = "[CP] Check Pods Manifest.lock";
			outputPaths = (
				"$(DERIVED_FILE_DIR)/Pods-App-checkManifestLockResult.txt",
			);
			runOnlyForDeploymentPostprocessing = 0;
			shellPath = /bin/sh;
			shellScript = "diff \"${PODS_PODFILE_DIR_PATH}/Podfile.lock\" \"${PODS_ROOT}/Manifest.lock\" > /dev/null\nif [ $? != 0 ] ; then\n    # print error to STDERR\n    echo \"error: The sandbox is not in sync with the Podfile.lock. Run 'pod install' or update your CocoaPods installation.\" >&2\n    exit 1\nfi\n# This output is used by Xcode 'outputs' to avoid re-running this script phase.\necho \"SUCCESS\" > \"${SCRIPT_OUTPUT_FILE_0}\"\n";
			showEnvVarsInLog = 0;
		};
/* End PBXShellScriptBuildPhase section */

/* Begin PBXSourcesBuildPhase section */
		3E11958E20F9D3AF003F134D /* Sources */ = {
			isa = PBXSourcesBuildPhase;
			buildActionMask = 2147483647;
			files = (
				3E21FC9E2100922100DEA67A /* Env.swift in Sources */,
				3EA1E1AE2103574F009B163A /* RegisterViewController.swift in Sources */,
				3EA1E1A7210348E4009B163A /* Dictionary+Ex+Net.swift in Sources */,
				3E0F77D320FB28EB0095EA95 /* Facade.swift in Sources */,
				3EA1E195210346FB009B163A /* LoginViewController.swift in Sources */,
				3E0F77CD20FB22540095EA95 /* AppDelegate.swift in Sources */,
				3EA1E1A021034835009B163A /* FileWebService.swift in Sources */,
				3E0F77D520FC95570095EA95 /* AppTypeAlias.swift in Sources */,
				3EA1E1A9210348F1009B163A /* String+Ex+Net.swift in Sources */,
				3E0F77FF20FEEC280095EA95 /* R.generated.swift in Sources */,
				3E21FCA42100990B00DEA67A /* Env.generated.swift in Sources */,
				3EA1E1B021035804009B163A /* RefindPasswordViewController.swift in Sources */,
				3E0F77F920FECB910095EA95 /* SingletonProtoc.swift in Sources */,
				3EA1E1A221034835009B163A /* NetConfig.swift in Sources */,
				3E0F77F620FDF2F00095EA95 /* AppConfig.swift in Sources */,
				3E2112DF210EC140006355AF /* VCAlias.swift in Sources */,
				3E5B8529210572FD00C3BB53 /* MagicOperators.swift in Sources */,
				3E0F77D120FB28930095EA95 /* AppRoutes.swift in Sources */,
				3E0F77D720FC95680095EA95 /* Facade+TypeAlias.swift in Sources */,
				3EA1E19F21034835009B163A /* UserApi.swift in Sources */,
				3E0F77FB20FECDC60095EA95 /* Facade+Singleton.swift in Sources */,
				3EA1E1A421034835009B163A /* APIProviderManager.swift in Sources */,
			);
			runOnlyForDeploymentPostprocessing = 0;
		};
/* End PBXSourcesBuildPhase section */

/* Begin PBXVariantGroup section */
		3E0F77C420FB18660095EA95 /* LaunchScreen.storyboard */ = {
			isa = PBXVariantGroup;
			children = (
				3E0F77C520FB18660095EA95 /* Base */,
			);
			name = LaunchScreen.storyboard;
			sourceTree = "<group>";
		};
/* End PBXVariantGroup section */

/* Begin XCBuildConfiguration section */
		3E1195A220F9D3B1003F134D /* Debug */ = {
			isa = XCBuildConfiguration;
			buildSettings = {
				ALWAYS_SEARCH_USER_PATHS = NO;
				CLANG_ANALYZER_NONNULL = YES;
				CLANG_ANALYZER_NUMBER_OBJECT_CONVERSION = YES_AGGRESSIVE;
				CLANG_CXX_LANGUAGE_STANDARD = "gnu++14";
				CLANG_CXX_LIBRARY = "libc++";
				CLANG_ENABLE_MODULES = YES;
				CLANG_ENABLE_OBJC_ARC = YES;
				CLANG_ENABLE_OBJC_WEAK = YES;
				CLANG_WARN_BLOCK_CAPTURE_AUTORELEASING = YES;
				CLANG_WARN_BOOL_CONVERSION = YES;
				CLANG_WARN_COMMA = YES;
				CLANG_WARN_CONSTANT_CONVERSION = YES;
				CLANG_WARN_DEPRECATED_OBJC_IMPLEMENTATIONS = YES;
				CLANG_WARN_DIRECT_OBJC_ISA_USAGE = YES_ERROR;
				CLANG_WARN_DOCUMENTATION_COMMENTS = YES;
				CLANG_WARN_EMPTY_BODY = YES;
				CLANG_WARN_ENUM_CONVERSION = YES;
				CLANG_WARN_INFINITE_RECURSION = YES;
				CLANG_WARN_INT_CONVERSION = YES;
				CLANG_WARN_NON_LITERAL_NULL_CONVERSION = YES;
				CLANG_WARN_OBJC_IMPLICIT_RETAIN_SELF = YES;
				CLANG_WARN_OBJC_LITERAL_CONVERSION = YES;
				CLANG_WARN_OBJC_ROOT_CLASS = YES_ERROR;
				CLANG_WARN_RANGE_LOOP_ANALYSIS = YES;
				CLANG_WARN_STRICT_PROTOTYPES = YES;
				CLANG_WARN_SUSPICIOUS_MOVE = YES;
				CLANG_WARN_UNGUARDED_AVAILABILITY = YES_AGGRESSIVE;
				CLANG_WARN_UNREACHABLE_CODE = YES;
				CLANG_WARN__DUPLICATE_METHOD_MATCH = YES;
				CODE_SIGN_IDENTITY = "iPhone Developer";
				COPY_PHASE_STRIP = NO;
				DEBUG_INFORMATION_FORMAT = dwarf;
				ENABLE_STRICT_OBJC_MSGSEND = YES;
				ENABLE_TESTABILITY = YES;
				GCC_C_LANGUAGE_STANDARD = gnu11;
				GCC_DYNAMIC_NO_PIC = NO;
				GCC_NO_COMMON_BLOCKS = YES;
				GCC_OPTIMIZATION_LEVEL = 0;
				GCC_PREPROCESSOR_DEFINITIONS = (
					"DEBUG=1",
					"$(inherited)",
				);
				GCC_WARN_64_TO_32_BIT_CONVERSION = YES;
				GCC_WARN_ABOUT_RETURN_TYPE = YES_ERROR;
				GCC_WARN_UNDECLARED_SELECTOR = YES;
				GCC_WARN_UNINITIALIZED_AUTOS = YES_AGGRESSIVE;
				GCC_WARN_UNUSED_FUNCTION = YES;
				GCC_WARN_UNUSED_VARIABLE = YES;
				IPHONEOS_DEPLOYMENT_TARGET = 11.4;
				MTL_ENABLE_DEBUG_INFO = YES;
				ONLY_ACTIVE_ARCH = YES;
				SDKROOT = iphoneos;
				SWIFT_ACTIVE_COMPILATION_CONDITIONS = DEBUG;
				SWIFT_OPTIMIZATION_LEVEL = "-Onone";
			};
			name = Debug;
		};
		3E1195A320F9D3B1003F134D /* Release */ = {
			isa = XCBuildConfiguration;
			buildSettings = {
				ALWAYS_SEARCH_USER_PATHS = NO;
				CLANG_ANALYZER_NONNULL = YES;
				CLANG_ANALYZER_NUMBER_OBJECT_CONVERSION = YES_AGGRESSIVE;
				CLANG_CXX_LANGUAGE_STANDARD = "gnu++14";
				CLANG_CXX_LIBRARY = "libc++";
				CLANG_ENABLE_MODULES = YES;
				CLANG_ENABLE_OBJC_ARC = YES;
				CLANG_ENABLE_OBJC_WEAK = YES;
				CLANG_WARN_BLOCK_CAPTURE_AUTORELEASING = YES;
				CLANG_WARN_BOOL_CONVERSION = YES;
				CLANG_WARN_COMMA = YES;
				CLANG_WARN_CONSTANT_CONVERSION = YES;
				CLANG_WARN_DEPRECATED_OBJC_IMPLEMENTATIONS = YES;
				CLANG_WARN_DIRECT_OBJC_ISA_USAGE = YES_ERROR;
				CLANG_WARN_DOCUMENTATION_COMMENTS = YES;
				CLANG_WARN_EMPTY_BODY = YES;
				CLANG_WARN_ENUM_CONVERSION = YES;
				CLANG_WARN_INFINITE_RECURSION = YES;
				CLANG_WARN_INT_CONVERSION = YES;
				CLANG_WARN_NON_LITERAL_NULL_CONVERSION = YES;
				CLANG_WARN_OBJC_IMPLICIT_RETAIN_SELF = YES;
				CLANG_WARN_OBJC_LITERAL_CONVERSION = YES;
				CLANG_WARN_OBJC_ROOT_CLASS = YES_ERROR;
				CLANG_WARN_RANGE_LOOP_ANALYSIS = YES;
				CLANG_WARN_STRICT_PROTOTYPES = YES;
				CLANG_WARN_SUSPICIOUS_MOVE = YES;
				CLANG_WARN_UNGUARDED_AVAILABILITY = YES_AGGRESSIVE;
				CLANG_WARN_UNREACHABLE_CODE = YES;
				CLANG_WARN__DUPLICATE_METHOD_MATCH = YES;
				CODE_SIGN_IDENTITY = "iPhone Developer";
				COPY_PHASE_STRIP = NO;
				DEBUG_INFORMATION_FORMAT = "dwarf-with-dsym";
				ENABLE_NS_ASSERTIONS = NO;
				ENABLE_STRICT_OBJC_MSGSEND = YES;
				GCC_C_LANGUAGE_STANDARD = gnu11;
				GCC_NO_COMMON_BLOCKS = YES;
				GCC_WARN_64_TO_32_BIT_CONVERSION = YES;
				GCC_WARN_ABOUT_RETURN_TYPE = YES_ERROR;
				GCC_WARN_UNDECLARED_SELECTOR = YES;
				GCC_WARN_UNINITIALIZED_AUTOS = YES_AGGRESSIVE;
				GCC_WARN_UNUSED_FUNCTION = YES;
				GCC_WARN_UNUSED_VARIABLE = YES;
				IPHONEOS_DEPLOYMENT_TARGET = 11.4;
				MTL_ENABLE_DEBUG_INFO = NO;
				SDKROOT = iphoneos;
				SWIFT_COMPILATION_MODE = wholemodule;
				SWIFT_OPTIMIZATION_LEVEL = "-O";
				VALIDATE_PRODUCT = YES;
			};
			name = Release;
		};
		3E1195A520F9D3B1003F134D /* Debug */ = {
			isa = XCBuildConfiguration;
			baseConfigurationReference = C7332C10D11170FA0700B508 /* Pods-App.debug.xcconfig */;
			buildSettings = {
				ASSETCATALOG_COMPILER_APPICON_NAME = AppIcon;
				CLANG_ENABLE_MODULES = YES;
				CODE_SIGN_STYLE = Automatic;
				DEVELOPMENT_TEAM = 2CPB6X8GX8;
				INFOPLIST_FILE = "$(SRCROOT)/App/App/Router/Info.plist";
				IPHONEOS_DEPLOYMENT_TARGET = 9.0;
				LD_RUNPATH_SEARCH_PATHS = (
					"$(inherited)",
					"@executable_path/Frameworks",
				);
				PRODUCT_BUNDLE_IDENTIFIER = khzyey.MOMAEducation;
				PRODUCT_NAME = "$(TARGET_NAME)";
				SWIFT_OPTIMIZATION_LEVEL = "-Onone";
				SWIFT_VERSION = 4.0;
				TARGETED_DEVICE_FAMILY = "1,2";
			};
			name = Debug;
		};
		3E1195A620F9D3B1003F134D /* Release */ = {
			isa = XCBuildConfiguration;
			baseConfigurationReference = CE03AAF43DDD90341068D748 /* Pods-App.release.xcconfig */;
			buildSettings = {
				ASSETCATALOG_COMPILER_APPICON_NAME = AppIcon;
				CLANG_ENABLE_MODULES = YES;
				CODE_SIGN_STYLE = Automatic;
				DEVELOPMENT_TEAM = 2CPB6X8GX8;
				INFOPLIST_FILE = "$(SRCROOT)/App/App/Router/Info.plist";
				IPHONEOS_DEPLOYMENT_TARGET = 9.0;
				LD_RUNPATH_SEARCH_PATHS = (
					"$(inherited)",
					"@executable_path/Frameworks",
				);
				PRODUCT_BUNDLE_IDENTIFIER = khzyey.MOMAEducation;
				PRODUCT_NAME = "$(TARGET_NAME)";
				SWIFT_VERSION = 4.0;
				TARGETED_DEVICE_FAMILY = "1,2";
			};
			name = Release;
		};
/* End XCBuildConfiguration section */

/* Begin XCConfigurationList section */
		3E11958D20F9D3AF003F134D /* Build configuration list for PBXProject "App" */ = {
			isa = XCConfigurationList;
			buildConfigurations = (
				3E1195A220F9D3B1003F134D /* Debug */,
				3E1195A320F9D3B1003F134D /* Release */,
			);
			defaultConfigurationIsVisible = 0;
			defaultConfigurationName = Release;
		};
		3E1195A420F9D3B1003F134D /* Build configuration list for PBXNativeTarget "App" */ = {
			isa = XCConfigurationList;
			buildConfigurations = (
				3E1195A520F9D3B1003F134D /* Debug */,
				3E1195A620F9D3B1003F134D /* Release */,
			);
			defaultConfigurationIsVisible = 0;
			defaultConfigurationName = Release;
		};
/* End XCConfigurationList section */
	};
	rootObject = 3E11958A20F9D3AF003F134D /* Project object */;
}
